
Microsoft Visual Studio Solution File, Format Version 12.00
# Visual Studio Version 16
VisualStudioVersion = 16.0.32510.428
MinimumVisualStudioVersion = 10.0.40219.1
Project("{FAE04EC0-301F-11D3-BF4B-00C04F79EFBC}") = "AllAboutCats.Website", "AllAboutCats.Website\AllAboutCats.Website.csproj", "{59B9A3B4-5BC9-409C-97AF-66F5E7697791}"
EndProject
Global
	GlobalSection(SolutionConfigurationPlatforms) = preSolution
		Debug|Any CPU = Debug|Any CPU
		Release|Any CPU = Release|Any CPU
	EndGlobalSection
	GlobalSection(ProjectConfigurationPlatforms) = postSolution
		{59B9A3B4-5BC9-409C-97AF-66F5E7697791}.Debug|Any CPU.ActiveCfg = Debug|Any CPU
		{59B9A3B4-5BC9-409C-97AF-66F5E7697791}.Debug|Any CPU.Build.0 = Debug|Any CPU
		{59B9A3B4-5BC9-409C-97AF-66F5E7697791}.Release|Any CPU.ActiveCfg = Release|Any CPU
		{59B9A3B4-5BC9-409C-97AF-66F5E7697791}.Release|Any CPU.Build.0 = Release|Any CPU
	EndGlobalSection
	GlobalSection(SolutionProperties) = preSolution
		HideSolutionNode = FALSE
	EndGlobalSection
	GlobalSection(ExtensibilityGlobals) = postSolution
		SolutionGuid = {D5EF3182-6CC2-4024-A423-90D080E334C0}
	EndGlobalSection
EndGlobal
